
Microsoft Visual Studio Solution File, Format Version 12.00
# Visual Studio Version 17
VisualStudioVersion = 17.0.31903.59
MinimumVisualStudioVersion = 10.0.40219.1
Project("{FAE04EC0-301F-11D3-BF4B-00C04F79EFBC}") = "EverythingAsCode.Api", "EverythingAsCode.Api\EverythingAsCode.Api.csproj", "{13E1510D-9066-4472-B3E2-3688C2AA1EAE}"
EndProject
Project("{FAE04EC0-301F-11D3-BF4B-00C04F79EFBC}") = "EverythingAsCode.Infrastructure", "EverythingAsCode.Infrastructure\EverythingAsCode.Infrastructure.csproj", "{6FE711D2-E1E8-4A62-8986-F82E1FE65B34}"
EndProject
Project("{FAE04EC0-301F-11D3-BF4B-00C04F79EFBC}") = "EverythingAsCode.Api.Tests", "EverythingAsCode.Api.Tests\EverythingAsCode.Api.Tests.csproj", "{34460275-0271-449E-88DA-5C9C8586A9AE}"
EndProject
Global
	GlobalSection(SolutionConfigurationPlatforms) = preSolution
		Debug|Any CPU = Debug|Any CPU
		Release|Any CPU = Release|Any CPU
	EndGlobalSection
	GlobalSection(SolutionProperties) = preSolution
		HideSolutionNode = FALSE
	EndGlobalSection
	GlobalSection(ProjectConfigurationPlatforms) = postSolution
		{13E1510D-9066-4472-B3E2-3688C2AA1EAE}.Debug|Any CPU.ActiveCfg = Debug|Any CPU
		{13E1510D-9066-4472-B3E2-3688C2AA1EAE}.Debug|Any CPU.Build.0 = Debug|Any CPU
		{13E1510D-9066-4472-B3E2-3688C2AA1EAE}.Release|Any CPU.ActiveCfg = Release|Any CPU
		{13E1510D-9066-4472-B3E2-3688C2AA1EAE}.Release|Any CPU.Build.0 = Release|Any CPU
		{6FE711D2-E1E8-4A62-8986-F82E1FE65B34}.Debug|Any CPU.ActiveCfg = Debug|Any CPU
		{6FE711D2-E1E8-4A62-8986-F82E1FE65B34}.Debug|Any CPU.Build.0 = Debug|Any CPU
		{6FE711D2-E1E8-4A62-8986-F82E1FE65B34}.Release|Any CPU.ActiveCfg = Release|Any CPU
		{6FE711D2-E1E8-4A62-8986-F82E1FE65B34}.Release|Any CPU.Build.0 = Release|Any CPU
		{34460275-0271-449E-88DA-5C9C8586A9AE}.Debug|Any CPU.ActiveCfg = Debug|Any CPU
		{34460275-0271-449E-88DA-5C9C8586A9AE}.Debug|Any CPU.Build.0 = Debug|Any CPU
		{34460275-0271-449E-88DA-5C9C8586A9AE}.Release|Any CPU.ActiveCfg = Release|Any CPU
		{34460275-0271-449E-88DA-5C9C8586A9AE}.Release|Any CPU.Build.0 = Release|Any CPU
	EndGlobalSection
EndGlobal
